
Microsoft Visual Studio Solution File, Format Version 12.00
# Visual Studio 15
VisualStudioVersion = 15.0.28307.421
MinimumVisualStudioVersion = 10.0.40219.1
Project("{FAE04EC0-301F-11D3-BF4B-00C04F79EFBC}") = "NorthwindMVC", "NorthwindMVC\NorthwindMVC.csproj", "{01F38934-6343-4E6A-B175-A14759E46D46}"
EndProject
Project("{FAE04EC0-301F-11D3-BF4B-00C04F79EFBC}") = "NorthwindREST", "NorthwindREST\NorthwindREST.csproj", "{F9687721-EF7A-4F78-B2D5-0CF069D1DD48}"
EndProject
Project("{FAE04EC0-301F-11D3-BF4B-00C04F79EFBC}") = "azureadauth", "azureadauth\azureadauth.csproj", "{EF878555-E07F-41C2-A89B-894657CA5591}"
EndProject
Global
	GlobalSection(SolutionConfigurationPlatforms) = preSolution
		Debug|Any CPU = Debug|Any CPU
		Release|Any CPU = Release|Any CPU
	EndGlobalSection
	GlobalSection(ProjectConfigurationPlatforms) = postSolution
		{01F38934-6343-4E6A-B175-A14759E46D46}.Debug|Any CPU.ActiveCfg = Debug|Any CPU
		{01F38934-6343-4E6A-B175-A14759E46D46}.Debug|Any CPU.Build.0 = Debug|Any CPU
		{01F38934-6343-4E6A-B175-A14759E46D46}.Release|Any CPU.ActiveCfg = Release|Any CPU
		{01F38934-6343-4E6A-B175-A14759E46D46}.Release|Any CPU.Build.0 = Release|Any CPU
		{F9687721-EF7A-4F78-B2D5-0CF069D1DD48}.Debug|Any CPU.ActiveCfg = Debug|Any CPU
		{F9687721-EF7A-4F78-B2D5-0CF069D1DD48}.Debug|Any CPU.Build.0 = Debug|Any CPU
		{F9687721-EF7A-4F78-B2D5-0CF069D1DD48}.Release|Any CPU.ActiveCfg = Release|Any CPU
		{F9687721-EF7A-4F78-B2D5-0CF069D1DD48}.Release|Any CPU.Build.0 = Release|Any CPU
		{EF878555-E07F-41C2-A89B-894657CA5591}.Debug|Any CPU.ActiveCfg = Debug|Any CPU
		{EF878555-E07F-41C2-A89B-894657CA5591}.Debug|Any CPU.Build.0 = Debug|Any CPU
		{EF878555-E07F-41C2-A89B-894657CA5591}.Release|Any CPU.ActiveCfg = Release|Any CPU
		{EF878555-E07F-41C2-A89B-894657CA5591}.Release|Any CPU.Build.0 = Release|Any CPU
	EndGlobalSection
	GlobalSection(SolutionProperties) = preSolution
		HideSolutionNode = FALSE
	EndGlobalSection
	GlobalSection(ExtensibilityGlobals) = postSolution
		SolutionGuid = {20BF59F3-D4F5-4ED3-A8A5-43C98C10F4B5}
	EndGlobalSection
EndGlobal
