
Microsoft Visual Studio Solution File, Format Version 12.00
# Visual Studio 15
VisualStudioVersion = 15.0.28307.421
MinimumVisualStudioVersion = 10.0.40219.1
Project("{151D2E53-A2C4-4D7D-83FE-D05416EBD58E}") = "infosyslogicapptwitter", "infosyslogicapptwitter\infosyslogicapptwitter.deployproj", "{CE76F24A-CDD3-4AD0-B405-014A048D9BF5}"
EndProject
Global
	GlobalSection(SolutionConfigurationPlatforms) = preSolution
		Debug|Any CPU = Debug|Any CPU
		Release|Any CPU = Release|Any CPU
	EndGlobalSection
	GlobalSection(ProjectConfigurationPlatforms) = postSolution
		{CE76F24A-CDD3-4AD0-B405-014A048D9BF5}.Debug|Any CPU.ActiveCfg = Debug|Any CPU
		{CE76F24A-CDD3-4AD0-B405-014A048D9BF5}.Debug|Any CPU.Build.0 = Debug|Any CPU
		{CE76F24A-CDD3-4AD0-B405-014A048D9BF5}.Release|Any CPU.ActiveCfg = Release|Any CPU
		{CE76F24A-CDD3-4AD0-B405-014A048D9BF5}.Release|Any CPU.Build.0 = Release|Any CPU
	EndGlobalSection
	GlobalSection(SolutionProperties) = preSolution
		HideSolutionNode = FALSE
	EndGlobalSection
	GlobalSection(ExtensibilityGlobals) = postSolution
		SolutionGuid = {F03BD934-4546-412E-8AFC-2D3A54D50DB8}
	EndGlobalSection
EndGlobal
